
Microsoft Visual Studio Solution File, Format Version 12.00
# Visual Studio Version 17
VisualStudioVersion = 17.8.34511.84
MinimumVisualStudioVersion = 10.0.40219.1
Project("{FAE04EC0-301F-11D3-BF4B-00C04F79EFBC}") = "apiAutores", "apiAutores\apiAutores.csproj", "{8D62DC98-A38C-4881-A4F6-56F6192A7209}"
EndProject
Global
	GlobalSection(SolutionConfigurationPlatforms) = preSolution
		Debug|Any CPU = Debug|Any CPU
		Release|Any CPU = Release|Any CPU
	EndGlobalSection
	GlobalSection(ProjectConfigurationPlatforms) = postSolution
		{8D62DC98-A38C-4881-A4F6-56F6192A7209}.Debug|Any CPU.ActiveCfg = Debug|Any CPU
		{8D62DC98-A38C-4881-A4F6-56F6192A7209}.Debug|Any CPU.Build.0 = Debug|Any CPU
		{8D62DC98-A38C-4881-A4F6-56F6192A7209}.Release|Any CPU.ActiveCfg = Release|Any CPU
		{8D62DC98-A38C-4881-A4F6-56F6192A7209}.Release|Any CPU.Build.0 = Release|Any CPU
	EndGlobalSection
	GlobalSection(SolutionProperties) = preSolution
		HideSolutionNode = FALSE
	EndGlobalSection
	GlobalSection(ExtensibilityGlobals) = postSolution
		SolutionGuid = {4847AA4B-0E4A-4FE3-BE91-5F4D9C53BE43}
	EndGlobalSection
EndGlobal
